
Microsoft Visual Studio Solution File, Format Version 12.00
# Visual Studio 15
Project("{FAE04EC0-301F-11D3-BF4B-00C04F79EFBC}") = "PhotonUnityNetworking.Demos", "PhotonUnityNetworking.Demos.csproj", "{6ECD37D1-D41E-F22C-3DDA-FCF7AC33A892}"
EndProject
Project("{FAE04EC0-301F-11D3-BF4B-00C04F79EFBC}") = "PhotonUnityNetworking.Utilities", "PhotonUnityNetworking.Utilities.csproj", "{A640C699-39C7-DEB8-4BF3-7F86587BE6CE}"
EndProject
Project("{FAE04EC0-301F-11D3-BF4B-00C04F79EFBC}") = "Assembly-CSharp", "Assembly-CSharp.csproj", "{2B06D7CC-E749-D997-9B89-52FDCCDCE82B}"
EndProject
Project("{FAE04EC0-301F-11D3-BF4B-00C04F79EFBC}") = "PhotonChat", "PhotonChat.csproj", "{4943BE3A-F5A2-3F74-3E97-3F622BF13F21}"
EndProject
Project("{FAE04EC0-301F-11D3-BF4B-00C04F79EFBC}") = "PhotonUnityNetworking", "PhotonUnityNetworking.csproj", "{772A509B-8C51-4F7E-4A4D-4F310B546FF7}"
EndProject
Project("{FAE04EC0-301F-11D3-BF4B-00C04F79EFBC}") = "PhotonRealtime", "PhotonRealtime.csproj", "{C6B976C2-70B3-94A3-5371-9DBB0D663AC3}"
EndProject
Project("{FAE04EC0-301F-11D3-BF4B-00C04F79EFBC}") = "PhotonWebSocket", "PhotonWebSocket.csproj", "{C847C42B-8218-572F-F267-2C485745C0FB}"
EndProject
Project("{FAE04EC0-301F-11D3-BF4B-00C04F79EFBC}") = "PhotonUnityNetworking.Editor", "PhotonUnityNetworking.Editor.csproj", "{DCD3DDB0-DAC2-32C8-1467-6E3664B9103D}"
EndProject
Project("{FAE04EC0-301F-11D3-BF4B-00C04F79EFBC}") = "PunDemos.DemoHubEditor", "PunDemos.DemoHubEditor.csproj", "{F5251050-BBF6-75F9-E9A1-50828D741660}"
EndProject
Project("{FAE04EC0-301F-11D3-BF4B-00C04F79EFBC}") = "PhotonUnityNetworking.Utilities.PhotonPlayer.Editor", "PhotonUnityNetworking.Utilities.PhotonPlayer.Editor.csproj", "{0FF4467B-C378-F4D0-0F16-7409FC75B462}"
EndProject
Project("{FAE04EC0-301F-11D3-BF4B-00C04F79EFBC}") = "PhotonUnityNetworking.Utilities.Culling.Editor", "PhotonUnityNetworking.Utilities.Culling.Editor.csproj", "{81CB81E5-A55D-C86B-2887-65FF7ECB741A}"
EndProject
Project("{FAE04EC0-301F-11D3-BF4B-00C04F79EFBC}") = "PunDemos.DemoSlotcarEditor", "PunDemos.DemoSlotcarEditor.csproj", "{474F252F-556D-E8A1-EDBD-BFD93ABACA59}"
EndProject
Global
	GlobalSection(SolutionConfigurationPlatforms) = preSolution
		Debug|Any CPU = Debug|Any CPU
		Release|Any CPU = Release|Any CPU
	EndGlobalSection
	GlobalSection(ProjectConfigurationPlatforms) = postSolution
		{6ECD37D1-D41E-F22C-3DDA-FCF7AC33A892}.Debug|Any CPU.ActiveCfg = Debug|Any CPU
		{6ECD37D1-D41E-F22C-3DDA-FCF7AC33A892}.Debug|Any CPU.Build.0 = Debug|Any CPU
		{6ECD37D1-D41E-F22C-3DDA-FCF7AC33A892}.Release|Any CPU.ActiveCfg = Release|Any CPU
		{6ECD37D1-D41E-F22C-3DDA-FCF7AC33A892}.Release|Any CPU.Build.0 = Release|Any CPU
		{A640C699-39C7-DEB8-4BF3-7F86587BE6CE}.Debug|Any CPU.ActiveCfg = Debug|Any CPU
		{A640C699-39C7-DEB8-4BF3-7F86587BE6CE}.Debug|Any CPU.Build.0 = Debug|Any CPU
		{A640C699-39C7-DEB8-4BF3-7F86587BE6CE}.Release|Any CPU.ActiveCfg = Release|Any CPU
		{A640C699-39C7-DEB8-4BF3-7F86587BE6CE}.Release|Any CPU.Build.0 = Release|Any CPU
		{2B06D7CC-E749-D997-9B89-52FDCCDCE82B}.Debug|Any CPU.ActiveCfg = Debug|Any CPU
		{2B06D7CC-E749-D997-9B89-52FDCCDCE82B}.Debug|Any CPU.Build.0 = Debug|Any CPU
		{2B06D7CC-E749-D997-9B89-52FDCCDCE82B}.Release|Any CPU.ActiveCfg = Release|Any CPU
		{2B06D7CC-E749-D997-9B89-52FDCCDCE82B}.Release|Any CPU.Build.0 = Release|Any CPU
		{4943BE3A-F5A2-3F74-3E97-3F622BF13F21}.Debug|Any CPU.ActiveCfg = Debug|Any CPU
		{4943BE3A-F5A2-3F74-3E97-3F622BF13F21}.Debug|Any CPU.Build.0 = Debug|Any CPU
		{4943BE3A-F5A2-3F74-3E97-3F622BF13F21}.Release|Any CPU.ActiveCfg = Release|Any CPU
		{4943BE3A-F5A2-3F74-3E97-3F622BF13F21}.Release|Any CPU.Build.0 = Release|Any CPU
		{772A509B-8C51-4F7E-4A4D-4F310B546FF7}.Debug|Any CPU.ActiveCfg = Debug|Any CPU
		{772A509B-8C51-4F7E-4A4D-4F310B546FF7}.Debug|Any CPU.Build.0 = Debug|Any CPU
		{772A509B-8C51-4F7E-4A4D-4F310B546FF7}.Release|Any CPU.ActiveCfg = Release|Any CPU
		{772A509B-8C51-4F7E-4A4D-4F310B546FF7}.Release|Any CPU.Build.0 = Release|Any CPU
		{C6B976C2-70B3-94A3-5371-9DBB0D663AC3}.Debug|Any CPU.ActiveCfg = Debug|Any CPU
		{C6B976C2-70B3-94A3-5371-9DBB0D663AC3}.Debug|Any CPU.Build.0 = Debug|Any CPU
		{C6B976C2-70B3-94A3-5371-9DBB0D663AC3}.Release|Any CPU.ActiveCfg = Release|Any CPU
		{C6B976C2-70B3-94A3-5371-9DBB0D663AC3}.Release|Any CPU.Build.0 = Release|Any CPU
		{C847C42B-8218-572F-F267-2C485745C0FB}.Debug|Any CPU.ActiveCfg = Debug|Any CPU
		{C847C42B-8218-572F-F267-2C485745C0FB}.Debug|Any CPU.Build.0 = Debug|Any CPU
		{C847C42B-8218-572F-F267-2C485745C0FB}.Release|Any CPU.ActiveCfg = Release|Any CPU
		{C847C42B-8218-572F-F267-2C485745C0FB}.Release|Any CPU.Build.0 = Release|Any CPU
		{DCD3DDB0-DAC2-32C8-1467-6E3664B9103D}.Debug|Any CPU.ActiveCfg = Debug|Any CPU
		{DCD3DDB0-DAC2-32C8-1467-6E3664B9103D}.Debug|Any CPU.Build.0 = Debug|Any CPU
		{DCD3DDB0-DAC2-32C8-1467-6E3664B9103D}.Release|Any CPU.ActiveCfg = Release|Any CPU
		{DCD3DDB0-DAC2-32C8-1467-6E3664B9103D}.Release|Any CPU.Build.0 = Release|Any CPU
		{F5251050-BBF6-75F9-E9A1-50828D741660}.Debug|Any CPU.ActiveCfg = Debug|Any CPU
		{F5251050-BBF6-75F9-E9A1-50828D741660}.Debug|Any CPU.Build.0 = Debug|Any CPU
		{F5251050-BBF6-75F9-E9A1-50828D741660}.Release|Any CPU.ActiveCfg = Release|Any CPU
		{F5251050-BBF6-75F9-E9A1-50828D741660}.Release|Any CPU.Build.0 = Release|Any CPU
		{0FF4467B-C378-F4D0-0F16-7409FC75B462}.Debug|Any CPU.ActiveCfg = Debug|Any CPU
		{0FF4467B-C378-F4D0-0F16-7409FC75B462}.Debug|Any CPU.Build.0 = Debug|Any CPU
		{0FF4467B-C378-F4D0-0F16-7409FC75B462}.Release|Any CPU.ActiveCfg = Release|Any CPU
		{0FF4467B-C378-F4D0-0F16-7409FC75B462}.Release|Any CPU.Build.0 = Release|Any CPU
		{81CB81E5-A55D-C86B-2887-65FF7ECB741A}.Debug|Any CPU.ActiveCfg = Debug|Any CPU
		{81CB81E5-A55D-C86B-2887-65FF7ECB741A}.Debug|Any CPU.Build.0 = Debug|Any CPU
		{81CB81E5-A55D-C86B-2887-65FF7ECB741A}.Release|Any CPU.ActiveCfg = Release|Any CPU
		{81CB81E5-A55D-C86B-2887-65FF7ECB741A}.Release|Any CPU.Build.0 = Release|Any CPU
		{474F252F-556D-E8A1-EDBD-BFD93ABACA59}.Debug|Any CPU.ActiveCfg = Debug|Any CPU
		{474F252F-556D-E8A1-EDBD-BFD93ABACA59}.Debug|Any CPU.Build.0 = Debug|Any CPU
		{474F252F-556D-E8A1-EDBD-BFD93ABACA59}.Release|Any CPU.ActiveCfg = Release|Any CPU
		{474F252F-556D-E8A1-EDBD-BFD93ABACA59}.Release|Any CPU.Build.0 = Release|Any CPU
	EndGlobalSection
	GlobalSection(SolutionProperties) = preSolution
		HideSolutionNode = FALSE
	EndGlobalSection
EndGlobal
